{
  "name": "mesh-smoothing-web",
  "version": "1.0.0",
  "lockfileVersion": 3,
  "requires": true,
  "packages": {
    "": {
      "name": "mesh-smoothing-web",
      "version": "1.0.0",
      "license": "ISC",
      "dependencies": {
        "three": "^0.183.2",
        "three-mesh-bvh": "^0.9.9",
        "xatlas-three": "^0.2.1"
      }
    },
    "node_modules/three": {
      "version": "0.183.2",
      "resolved": "https://registry.npmjs.org/three/-/three-0.183.2.tgz",
      "integrity": "sha512-di3BsL2FEQ1PA7Hcvn4fyJOlxRRgFYBpMTcyOgkwJIaDOdJMebEFPA+t98EvjuljDx4hNulAGwF6KIjtwI5jgQ==",
      "license": "MIT",
      "peer": true
    },
    "node_modules/three-mesh-bvh": {
      "version": "0.9.9",
      "resolved": "https://registry.npmjs.org/three-mesh-bvh/-/three-mesh-bvh-0.9.9.tgz",
      "integrity": "sha512-FJKitcjvbALmeQRK+Sc+nLGorCpkrZBrbgJZFzhdyWboak37DZikn46hvQkNqSbJPm227ahYmS6k3N/GXaAyXw==",
      "license": "MIT",
      "peerDependencies": {
        "three": ">= 0.159.0"
      }
    },
    "node_modules/xatlas-three": {
      "version": "0.2.1",
      "resolved": "https://registry.npmjs.org/xatlas-three/-/xatlas-three-0.2.1.tgz",
      "integrity": "sha512-lSdakwxt2AzGmEP2dnYqmS8KqM8ErxBzwAwuEtrbOLxVpWaSJZB5FAUZ4+cT/kKSLlyHZVm866rTCtT+9RjJgg==",
      "license": "MIT"
    }
  }
}
